dependencies:
- name: postgresql
  repository: https://charts.bitnami.com/bitnami
  version: 12.8.5
- name: redis
  repository: https://charts.bitnami.com/bitnami
  version: 17.5.0
digest: sha256:810431245ea0ab37862ff2250dab2863608942569a204045c7ce38322df15bb3
generated: "2025-07-17T12:10:44.127122+05:00"
